
Microsoft Visual Studio Solution File, Format Version 12.00
# Visual Studio Version 16
VisualStudioVersion = 16.0.29926.136
MinimumVisualStudioVersion = 10.0.40219.1
Project("{2150E333-8FDC-42A3-9474-1A3956D46DE8}") = "2 - WindowsForms", "2 - WindowsForms", "{3FD8EA56-0CC3-4B45-9271-DF12D9C30F22}"
EndProject
Project("{2150E333-8FDC-42A3-9474-1A3956D46DE8}") = "1 - Api", "1 - Api", "{33C064EB-EC32-4446-964F-FF9937DBFAEC}"
EndProject
Project("{9A19103F-16F7-4668-BE54-9A1E7A4F7556}") = "WebApi", "src\WebApi\WebApi.csproj", "{893373E6-3897-4EF1-8ACE-907F250FA024}"
EndProject
Project("{FAE04EC0-301F-11D3-BF4B-00C04F79EFBC}") = "WindowsFormsApp", "src\WindowsFormsApp\WindowsFormsApp.csproj", "{C1DFC57F-1121-45D3-B4E0-D01FAD8BB1B8}"
EndProject
Global
	GlobalSection(SolutionConfigurationPlatforms) = preSolution
		Debug|Any CPU = Debug|Any CPU
		Release|Any CPU = Release|Any CPU
	EndGlobalSection
	GlobalSection(ProjectConfigurationPlatforms) = postSolution
		{893373E6-3897-4EF1-8ACE-907F250FA024}.Debug|Any CPU.ActiveCfg = Debug|Any CPU
		{893373E6-3897-4EF1-8ACE-907F250FA024}.Debug|Any CPU.Build.0 = Debug|Any CPU
		{893373E6-3897-4EF1-8ACE-907F250FA024}.Release|Any CPU.ActiveCfg = Release|Any CPU
		{893373E6-3897-4EF1-8ACE-907F250FA024}.Release|Any CPU.Build.0 = Release|Any CPU
		{C1DFC57F-1121-45D3-B4E0-D01FAD8BB1B8}.Debug|Any CPU.ActiveCfg = Debug|Any CPU
		{C1DFC57F-1121-45D3-B4E0-D01FAD8BB1B8}.Debug|Any CPU.Build.0 = Debug|Any CPU
		{C1DFC57F-1121-45D3-B4E0-D01FAD8BB1B8}.Release|Any CPU.ActiveCfg = Release|Any CPU
		{C1DFC57F-1121-45D3-B4E0-D01FAD8BB1B8}.Release|Any CPU.Build.0 = Release|Any CPU
	EndGlobalSection
	GlobalSection(SolutionProperties) = preSolution
		HideSolutionNode = FALSE
	EndGlobalSection
	GlobalSection(NestedProjects) = preSolution
		{893373E6-3897-4EF1-8ACE-907F250FA024} = {33C064EB-EC32-4446-964F-FF9937DBFAEC}
		{C1DFC57F-1121-45D3-B4E0-D01FAD8BB1B8} = {3FD8EA56-0CC3-4B45-9271-DF12D9C30F22}
	EndGlobalSection
	GlobalSection(ExtensibilityGlobals) = postSolution
		SolutionGuid = {36BD082A-1E51-4038-88A5-94B63DF053A6}
	EndGlobalSection
EndGlobal
